
Microsoft Visual Studio Solution File, Format Version 12.00
# Visual Studio Version 17
VisualStudioVersion = 17.10.35027.167
MinimumVisualStudioVersion = 10.0.40219.1
Project("{9A19103F-16F7-4668-BE54-9A1E7A4F7556}") = "LuckyDraw", "LuckyDraw\LuckyDraw.csproj", "{F858A010-0D8B-4E49-9CB7-7FEBBF2D8E1D}"
EndProject
Global
	GlobalSection(SolutionConfigurationPlatforms) = preSolution
		Debug|Any CPU = Debug|Any CPU
		Release|Any CPU = Release|Any CPU
	EndGlobalSection
	GlobalSection(ProjectConfigurationPlatforms) = postSolution
		{F858A010-0D8B-4E49-9CB7-7FEBBF2D8E1D}.Debug|Any CPU.ActiveCfg = Debug|Any CPU
		{F858A010-0D8B-4E49-9CB7-7FEBBF2D8E1D}.Debug|Any CPU.Build.0 = Debug|Any CPU
		{F858A010-0D8B-4E49-9CB7-7FEBBF2D8E1D}.Release|Any CPU.ActiveCfg = Release|Any CPU
		{F858A010-0D8B-4E49-9CB7-7FEBBF2D8E1D}.Release|Any CPU.Build.0 = Release|Any CPU
	EndGlobalSection
	GlobalSection(SolutionProperties) = preSolution
		HideSolutionNode = FALSE
	EndGlobalSection
	GlobalSection(ExtensibilityGlobals) = postSolution
		SolutionGuid = {DD9C9FB3-0645-4072-8B91-EB920C5A9AD2}
	EndGlobalSection
EndGlobal
